
Microsoft Visual Studio Solution File, Format Version 12.00
# Visual Studio Version 17
VisualStudioVersion = 17.3.32922.545
MinimumVisualStudioVersion = 10.0.40219.1
Project("{FAE04EC0-301F-11D3-BF4B-00C04F79EFBC}") = "TesteDeClasses", "TesteDeClasses\TesteDeClasses.csproj", "{1140A832-23A5-4E48-92C9-0DE77DD179E4}"
EndProject
Global
	GlobalSection(SolutionConfigurationPlatforms) = preSolution
		Debug|Any CPU = Debug|Any CPU
		Release|Any CPU = Release|Any CPU
	EndGlobalSection
	GlobalSection(ProjectConfigurationPlatforms) = postSolution
		{1140A832-23A5-4E48-92C9-0DE77DD179E4}.Debug|Any CPU.ActiveCfg = Debug|Any CPU
		{1140A832-23A5-4E48-92C9-0DE77DD179E4}.Debug|Any CPU.Build.0 = Debug|Any CPU
		{1140A832-23A5-4E48-92C9-0DE77DD179E4}.Release|Any CPU.ActiveCfg = Release|Any CPU
		{1140A832-23A5-4E48-92C9-0DE77DD179E4}.Release|Any CPU.Build.0 = Release|Any CPU
	EndGlobalSection
	GlobalSection(SolutionProperties) = preSolution
		HideSolutionNode = FALSE
	EndGlobalSection
	GlobalSection(ExtensibilityGlobals) = postSolution
		SolutionGuid = {D6EB1262-DBDA-4A35-A119-7B3A3047C704}
	EndGlobalSection
EndGlobal
