
Microsoft Visual Studio Solution File, Format Version 12.00
# Visual Studio Version 17
VisualStudioVersion = 17.3.32929.385
MinimumVisualStudioVersion = 10.0.40219.1
Project("{FAE04EC0-301F-11D3-BF4B-00C04F79EFBC}") = "CentralDasOngs", "CentralDasOngs\CentralDasOngs.csproj", "{08BDCFEC-82C6-4094-8898-7681190B1943}"
EndProject
Global
	GlobalSection(SolutionConfigurationPlatforms) = preSolution
		Debug|Any CPU = Debug|Any CPU
		Release|Any CPU = Release|Any CPU
	EndGlobalSection
	GlobalSection(ProjectConfigurationPlatforms) = postSolution
		{08BDCFEC-82C6-4094-8898-7681190B1943}.Debug|Any CPU.ActiveCfg = Debug|Any CPU
		{08BDCFEC-82C6-4094-8898-7681190B1943}.Debug|Any CPU.Build.0 = Debug|Any CPU
		{08BDCFEC-82C6-4094-8898-7681190B1943}.Release|Any CPU.ActiveCfg = Release|Any CPU
		{08BDCFEC-82C6-4094-8898-7681190B1943}.Release|Any CPU.Build.0 = Release|Any CPU
	EndGlobalSection
	GlobalSection(SolutionProperties) = preSolution
		HideSolutionNode = FALSE
	EndGlobalSection
	GlobalSection(ExtensibilityGlobals) = postSolution
		SolutionGuid = {FCA0031E-63B0-4CCB-9800-D0CE0B3A7BC1}
	EndGlobalSection
EndGlobal
